
Microsoft Visual Studio Solution File, Format Version 12.00
# Visual Studio Version 16
VisualStudioVersion = 16.0.32228.343
MinimumVisualStudioVersion = 10.0.40219.1
Project("{FAE04EC0-301F-11D3-BF4B-00C04F79EFBC}") = "OtelRezervasyon", "OtelRezervasyon\OtelRezervasyon.csproj", "{27213DB1-EEF2-4739-94AA-A8A45424167D}"
EndProject
Global
	GlobalSection(SolutionConfigurationPlatforms) = preSolution
		Debug|Any CPU = Debug|Any CPU
		Release|Any CPU = Release|Any CPU
	EndGlobalSection
	GlobalSection(ProjectConfigurationPlatforms) = postSolution
		{27213DB1-EEF2-4739-94AA-A8A45424167D}.Debug|Any CPU.ActiveCfg = Debug|Any CPU
		{27213DB1-EEF2-4739-94AA-A8A45424167D}.Debug|Any CPU.Build.0 = Debug|Any CPU
		{27213DB1-EEF2-4739-94AA-A8A45424167D}.Release|Any CPU.ActiveCfg = Release|Any CPU
		{27213DB1-EEF2-4739-94AA-A8A45424167D}.Release|Any CPU.Build.0 = Release|Any CPU
	EndGlobalSection
	GlobalSection(SolutionProperties) = preSolution
		HideSolutionNode = FALSE
	EndGlobalSection
	GlobalSection(ExtensibilityGlobals) = postSolution
		SolutionGuid = {0951E2E9-38DC-496B-A829-CD9ED4B7B883}
	EndGlobalSection
EndGlobal
